
Microsoft Visual Studio Solution File, Format Version 12.00
# Visual Studio Version 17
VisualStudioVersion = 17.5.002.0
MinimumVisualStudioVersion = 10.0.40219.1
Project("{2150E333-8FDC-42A3-9474-1A3956D46DE8}") = "sandbox", "sandbox", "{20CA5111-F08B-4925-B226-19B92CE15A17}"
EndProject
Project("{9A19103F-16F7-4668-BE54-9A1E7A4F7556}") = "sandbox_project", "sandbox\sandbox_project\sandbox_project.csproj", "{9FA0C8F3-F8A7-4B82-A45D-72D6E1084645}"
EndProject
Project("{2150E333-8FDC-42A3-9474-1A3956D46DE8}") = "week01", "week01", "{E558233D-25D2-487E-8073-8C92074E250F}"
EndProject
Project("{9A19103F-16F7-4668-BE54-9A1E7A4F7556}") = "analyze", "week01\analyze\analyze.csproj", "{A8F4E778-C46D-47E6-A7E1-C3BB4329DABB}"
EndProject
Project("{9A19103F-16F7-4668-BE54-9A1E7A4F7556}") = "code", "week01\code\code.csproj", "{46BBA722-981E-476B-9B56-C6B84EA25476}"
EndProject
Project("{9A19103F-16F7-4668-BE54-9A1E7A4F7556}") = "teach", "week01\teach\teach.csproj", "{92B0BF69-4C44-4EE4-89B6-782C9E6DCF2A}"
EndProject
Project("{2150E333-8FDC-42A3-9474-1A3956D46DE8}") = "week02", "week02", "{47FB25E9-DD82-46B4-B41F-8A04D9773BC3}"
EndProject
Project("{9A19103F-16F7-4668-BE54-9A1E7A4F7556}") = "analyze", "week02\analyze\analyze.csproj", "{984BDBDA-7199-42EE-8D99-874B98D21443}"
EndProject
Project("{9A19103F-16F7-4668-BE54-9A1E7A4F7556}") = "code", "week02\code\code.csproj", "{E156CEDE-1404-4BDB-BBB5-62B97B4BC533}"
EndProject
Project("{9A19103F-16F7-4668-BE54-9A1E7A4F7556}") = "learn", "week02\learn\learn.csproj", "{6E5C5239-7B4E-44D8-862A-0F4AF9AB0D3E}"
EndProject
Project("{9A19103F-16F7-4668-BE54-9A1E7A4F7556}") = "teach", "week02\teach\teach.csproj", "{E313AFDD-03DE-4847-AA49-8D12D0F16BD7}"
EndProject
Project("{2150E333-8FDC-42A3-9474-1A3956D46DE8}") = "week03", "week03", "{C211B580-F018-4346-BD34-979F20BE2004}"
EndProject
Project("{9A19103F-16F7-4668-BE54-9A1E7A4F7556}") = "code", "week03\code\code.csproj", "{0893DA32-8419-4B22-95AE-0959F83A03A4}"
EndProject
Project("{9A19103F-16F7-4668-BE54-9A1E7A4F7556}") = "learn", "week03\learn\learn.csproj", "{3AF8ACA6-16A5-4846-A027-3F4781F0C1BE}"
EndProject
Project("{9A19103F-16F7-4668-BE54-9A1E7A4F7556}") = "teach", "week03\teach\teach.csproj", "{1598C23E-3CAC-4738-BCF6-C3166AE28497}"
EndProject
Project("{2150E333-8FDC-42A3-9474-1A3956D46DE8}") = "week04", "week04", "{7D069863-CD3D-4C04-8D3B-6D151BABD352}"
EndProject
Project("{9A19103F-16F7-4668-BE54-9A1E7A4F7556}") = "code", "week04\code\code.csproj", "{1BC472D7-0B94-4AA9-A9A7-7C5B3FD475BC}"
EndProject
Project("{2150E333-8FDC-42A3-9474-1A3956D46DE8}") = "week05", "week05", "{E3DA1F68-8972-40DC-9ABC-C6968219852B}"
EndProject
Project("{9A19103F-16F7-4668-BE54-9A1E7A4F7556}") = "code", "week05\code\code.csproj", "{677C17DD-0B2B-427A-A643-F66CF9810B5C}"
EndProject
Project("{2150E333-8FDC-42A3-9474-1A3956D46DE8}") = "week06", "week06", "{B03B666A-2064-45E7-A57B-BB456A1EE4C0}"
EndProject
Project("{9A19103F-16F7-4668-BE54-9A1E7A4F7556}") = "code", "week06\code\code.csproj", "{BFD3F4A4-E1BF-4CD8-A9EC-0A98A81CB407}"
EndProject
Global
	GlobalSection(SolutionConfigurationPlatforms) = preSolution
		Debug|Any CPU = Debug|Any CPU
		Release|Any CPU = Release|Any CPU
	EndGlobalSection
	GlobalSection(ProjectConfigurationPlatforms) = postSolution
		{9FA0C8F3-F8A7-4B82-A45D-72D6E1084645}.Debug|Any CPU.ActiveCfg = Debug|Any CPU
		{9FA0C8F3-F8A7-4B82-A45D-72D6E1084645}.Debug|Any CPU.Build.0 = Debug|Any CPU
		{9FA0C8F3-F8A7-4B82-A45D-72D6E1084645}.Release|Any CPU.ActiveCfg = Release|Any CPU
		{9FA0C8F3-F8A7-4B82-A45D-72D6E1084645}.Release|Any CPU.Build.0 = Release|Any CPU
		{A8F4E778-C46D-47E6-A7E1-C3BB4329DABB}.Debug|Any CPU.ActiveCfg = Debug|Any CPU
		{A8F4E778-C46D-47E6-A7E1-C3BB4329DABB}.Debug|Any CPU.Build.0 = Debug|Any CPU
		{A8F4E778-C46D-47E6-A7E1-C3BB4329DABB}.Release|Any CPU.ActiveCfg = Release|Any CPU
		{A8F4E778-C46D-47E6-A7E1-C3BB4329DABB}.Release|Any CPU.Build.0 = Release|Any CPU
		{46BBA722-981E-476B-9B56-C6B84EA25476}.Debug|Any CPU.ActiveCfg = Debug|Any CPU
		{46BBA722-981E-476B-9B56-C6B84EA25476}.Debug|Any CPU.Build.0 = Debug|Any CPU
		{46BBA722-981E-476B-9B56-C6B84EA25476}.Release|Any CPU.ActiveCfg = Release|Any CPU
		{46BBA722-981E-476B-9B56-C6B84EA25476}.Release|Any CPU.Build.0 = Release|Any CPU
		{92B0BF69-4C44-4EE4-89B6-782C9E6DCF2A}.Debug|Any CPU.ActiveCfg = Debug|Any CPU
		{92B0BF69-4C44-4EE4-89B6-782C9E6DCF2A}.Debug|Any CPU.Build.0 = Debug|Any CPU
		{92B0BF69-4C44-4EE4-89B6-782C9E6DCF2A}.Release|Any CPU.ActiveCfg = Release|Any CPU
		{92B0BF69-4C44-4EE4-89B6-782C9E6DCF2A}.Release|Any CPU.Build.0 = Release|Any CPU
		{984BDBDA-7199-42EE-8D99-874B98D21443}.Debug|Any CPU.ActiveCfg = Debug|Any CPU
		{984BDBDA-7199-42EE-8D99-874B98D21443}.Debug|Any CPU.Build.0 = Debug|Any CPU
		{984BDBDA-7199-42EE-8D99-874B98D21443}.Release|Any CPU.ActiveCfg = Release|Any CPU
		{984BDBDA-7199-42EE-8D99-874B98D21443}.Release|Any CPU.Build.0 = Release|Any CPU
		{E156CEDE-1404-4BDB-BBB5-62B97B4BC533}.Debug|Any CPU.ActiveCfg = Debug|Any CPU
		{E156CEDE-1404-4BDB-BBB5-62B97B4BC533}.Debug|Any CPU.Build.0 = Debug|Any CPU
		{E156CEDE-1404-4BDB-BBB5-62B97B4BC533}.Release|Any CPU.ActiveCfg = Release|Any CPU
		{E156CEDE-1404-4BDB-BBB5-62B97B4BC533}.Release|Any CPU.Build.0 = Release|Any CPU
		{6E5C5239-7B4E-44D8-862A-0F4AF9AB0D3E}.Debug|Any CPU.ActiveCfg = Debug|Any CPU
		{6E5C5239-7B4E-44D8-862A-0F4AF9AB0D3E}.Debug|Any CPU.Build.0 = Debug|Any CPU
		{6E5C5239-7B4E-44D8-862A-0F4AF9AB0D3E}.Release|Any CPU.ActiveCfg = Release|Any CPU
		{6E5C5239-7B4E-44D8-862A-0F4AF9AB0D3E}.Release|Any CPU.Build.0 = Release|Any CPU
		{E313AFDD-03DE-4847-AA49-8D12D0F16BD7}.Debug|Any CPU.ActiveCfg = Debug|Any CPU
		{E313AFDD-03DE-4847-AA49-8D12D0F16BD7}.Debug|Any CPU.Build.0 = Debug|Any CPU
		{E313AFDD-03DE-4847-AA49-8D12D0F16BD7}.Release|Any CPU.ActiveCfg = Release|Any CPU
		{E313AFDD-03DE-4847-AA49-8D12D0F16BD7}.Release|Any CPU.Build.0 = Release|Any CPU
		{0893DA32-8419-4B22-95AE-0959F83A03A4}.Debug|Any CPU.ActiveCfg = Debug|Any CPU
		{0893DA32-8419-4B22-95AE-0959F83A03A4}.Debug|Any CPU.Build.0 = Debug|Any CPU
		{0893DA32-8419-4B22-95AE-0959F83A03A4}.Release|Any CPU.ActiveCfg = Release|Any CPU
		{0893DA32-8419-4B22-95AE-0959F83A03A4}.Release|Any CPU.Build.0 = Release|Any CPU
		{3AF8ACA6-16A5-4846-A027-3F4781F0C1BE}.Debug|Any CPU.ActiveCfg = Debug|Any CPU
		{3AF8ACA6-16A5-4846-A027-3F4781F0C1BE}.Debug|Any CPU.Build.0 = Debug|Any CPU
		{3AF8ACA6-16A5-4846-A027-3F4781F0C1BE}.Release|Any CPU.ActiveCfg = Release|Any CPU
		{3AF8ACA6-16A5-4846-A027-3F4781F0C1BE}.Release|Any CPU.Build.0 = Release|Any CPU
		{1598C23E-3CAC-4738-BCF6-C3166AE28497}.Debug|Any CPU.ActiveCfg = Debug|Any CPU
		{1598C23E-3CAC-4738-BCF6-C3166AE28497}.Debug|Any CPU.Build.0 = Debug|Any CPU
		{1598C23E-3CAC-4738-BCF6-C3166AE28497}.Release|Any CPU.ActiveCfg = Release|Any CPU
		{1598C23E-3CAC-4738-BCF6-C3166AE28497}.Release|Any CPU.Build.0 = Release|Any CPU
		{1BC472D7-0B94-4AA9-A9A7-7C5B3FD475BC}.Debug|Any CPU.ActiveCfg = Debug|Any CPU
		{1BC472D7-0B94-4AA9-A9A7-7C5B3FD475BC}.Debug|Any CPU.Build.0 = Debug|Any CPU
		{1BC472D7-0B94-4AA9-A9A7-7C5B3FD475BC}.Release|Any CPU.ActiveCfg = Release|Any CPU
		{1BC472D7-0B94-4AA9-A9A7-7C5B3FD475BC}.Release|Any CPU.Build.0 = Release|Any CPU
		{677C17DD-0B2B-427A-A643-F66CF9810B5C}.Debug|Any CPU.ActiveCfg = Debug|Any CPU
		{677C17DD-0B2B-427A-A643-F66CF9810B5C}.Debug|Any CPU.Build.0 = Debug|Any CPU
		{677C17DD-0B2B-427A-A643-F66CF9810B5C}.Release|Any CPU.ActiveCfg = Release|Any CPU
		{677C17DD-0B2B-427A-A643-F66CF9810B5C}.Release|Any CPU.Build.0 = Release|Any CPU
		{BFD3F4A4-E1BF-4CD8-A9EC-0A98A81CB407}.Debug|Any CPU.ActiveCfg = Debug|Any CPU
		{BFD3F4A4-E1BF-4CD8-A9EC-0A98A81CB407}.Debug|Any CPU.Build.0 = Debug|Any CPU
		{BFD3F4A4-E1BF-4CD8-A9EC-0A98A81CB407}.Release|Any CPU.ActiveCfg = Release|Any CPU
		{BFD3F4A4-E1BF-4CD8-A9EC-0A98A81CB407}.Release|Any CPU.Build.0 = Release|Any CPU
	EndGlobalSection
	GlobalSection(SolutionProperties) = preSolution
		HideSolutionNode = FALSE
	EndGlobalSection
	GlobalSection(NestedProjects) = preSolution
		{9FA0C8F3-F8A7-4B82-A45D-72D6E1084645} = {20CA5111-F08B-4925-B226-19B92CE15A17}
		{A8F4E778-C46D-47E6-A7E1-C3BB4329DABB} = {E558233D-25D2-487E-8073-8C92074E250F}
		{46BBA722-981E-476B-9B56-C6B84EA25476} = {E558233D-25D2-487E-8073-8C92074E250F}
		{92B0BF69-4C44-4EE4-89B6-782C9E6DCF2A} = {E558233D-25D2-487E-8073-8C92074E250F}
		{984BDBDA-7199-42EE-8D99-874B98D21443} = {47FB25E9-DD82-46B4-B41F-8A04D9773BC3}
		{E156CEDE-1404-4BDB-BBB5-62B97B4BC533} = {47FB25E9-DD82-46B4-B41F-8A04D9773BC3}
		{6E5C5239-7B4E-44D8-862A-0F4AF9AB0D3E} = {47FB25E9-DD82-46B4-B41F-8A04D9773BC3}
		{E313AFDD-03DE-4847-AA49-8D12D0F16BD7} = {47FB25E9-DD82-46B4-B41F-8A04D9773BC3}
		{0893DA32-8419-4B22-95AE-0959F83A03A4} = {C211B580-F018-4346-BD34-979F20BE2004}
		{3AF8ACA6-16A5-4846-A027-3F4781F0C1BE} = {C211B580-F018-4346-BD34-979F20BE2004}
		{1598C23E-3CAC-4738-BCF6-C3166AE28497} = {C211B580-F018-4346-BD34-979F20BE2004}
		{1BC472D7-0B94-4AA9-A9A7-7C5B3FD475BC} = {7D069863-CD3D-4C04-8D3B-6D151BABD352}
		{677C17DD-0B2B-427A-A643-F66CF9810B5C} = {E3DA1F68-8972-40DC-9ABC-C6968219852B}
		{BFD3F4A4-E1BF-4CD8-A9EC-0A98A81CB407} = {B03B666A-2064-45E7-A57B-BB456A1EE4C0}
	EndGlobalSection
	GlobalSection(ExtensibilityGlobals) = postSolution
		SolutionGuid = {941984F7-F554-4EA8-AE3E-AA463E0610A1}
	EndGlobalSection
EndGlobal
